// !$*UTF8*$!
{
	archiveVersion = 1;
	classes = {
	};
	objectVersion = 52;
	objects = {

/* Begin PBXBuildFile section */
		831539A32384982000CAD2DD /* AppDelegate.swift in Sources */ = {isa = PBXBuildFile; fileRef = 831539A22384982000CAD2DD /* AppDelegate.swift */; };
		831539A52384982000CAD2DD /* SceneDelegate.swift in Sources */ = {isa = PBXBuildFile; fileRef = 831539A42384982000CAD2DD /* SceneDelegate.swift */; };
		831539A72384982000CAD2DD /* RecipesView.swift in Sources */ = {isa = PBXBuildFile; fileRef = 831539A62384982000CAD2DD /* RecipesView.swift */; };
		831539A92384982200CAD2DD /* Assets.xcassets in Resources */ = {isa = PBXBuildFile; fileRef = 831539A82384982200CAD2DD /* Assets.xcassets */; };
		831539AC2384982200CAD2DD /* Preview Assets.xcassets in Resources */ = {isa = PBXBuildFile; fileRef = 831539AB2384982200CAD2DD /* Preview Assets.xcassets */; };
		831539AF2384982200CAD2DD /* LaunchScreen.storyboard in Resources */ = {isa = PBXBuildFile; fileRef = 831539AD2384982200CAD2DD /* LaunchScreen.storyboard */; };
		834CF2C42385F425007BE6C5 /* RecipesViewModel.swift in Sources */ = {isa = PBXBuildFile; fileRef = 834CF2C32385F425007BE6C5 /* RecipesViewModel.swift */; };
		847C4AAD275E5FF800FD2B5B /* Recipe.swift in Sources */ = {isa = PBXBuildFile; fileRef = 847C4AAC275E5FF800FD2B5B /* Recipe.swift */; };
		847C4AB1275E61DA00FD2B5B /* RecipeRow.swift in Sources */ = {isa = PBXBuildFile; fileRef = 847C4AB0275E61DA00FD2B5B /* RecipeRow.swift */; };
		847C4AFE275ECFDB00FD2B5B /* RecipeDetailView.swift in Sources */ = {isa = PBXBuildFile; fileRef = 847C4AFD275ECFDB00FD2B5B /* RecipeDetailView.swift */; };
		847C4B00275ED08B00FD2B5B /* RecipeDetailViewModel.swift in Sources */ = {isa = PBXBuildFile; fileRef = 847C4AFF275ED08B00FD2B5B /* RecipeDetailViewModel.swift */; };
		847C4B02275EDA9900FD2B5B /* RecipeDataStorage.swift in Sources */ = {isa = PBXBuildFile; fileRef = 847C4B01275EDA9900FD2B5B /* RecipeDataStorage.swift */; };
		847C4B062761894400FD2B5B /* AddRecipeView.swift in Sources */ = {isa = PBXBuildFile; fileRef = 847C4B052761894400FD2B5B /* AddRecipeView.swift */; };
		847C4B082761894E00FD2B5B /* AddRecipeViewModel.swift in Sources */ = {isa = PBXBuildFile; fileRef = 847C4B072761894E00FD2B5B /* AddRecipeViewModel.swift */; };
		847C4B0C27618B3400FD2B5B /* AddButton.swift in Sources */ = {isa = PBXBuildFile; fileRef = 847C4B0B27618B3400FD2B5B /* AddButton.swift */; };
		847C4B0F27618CEB00FD2B5B /* View.swift in Sources */ = {isa = PBXBuildFile; fileRef = 847C4B0E27618CEB00FD2B5B /* View.swift */; };
		847C4B132762536900FD2B5B /* Color.swift in Sources */ = {isa = PBXBuildFile; fileRef = 847C4B122762536900FD2B5B /* Color.swift */; };
		847C4B162762541100FD2B5B /* RoutableView.swift in Sources */ = {isa = PBXBuildFile; fileRef = 847C4B152762541100FD2B5B /* RoutableView.swift */; };
		847C4B182762542D00FD2B5B /* Routing.swift in Sources */ = {isa = PBXBuildFile; fileRef = 847C4B172762542D00FD2B5B /* Routing.swift */; };
		847C4B1C2762549900FD2B5B /* RecipesRouter.swift in Sources */ = {isa = PBXBuildFile; fileRef = 847C4B1B2762549900FD2B5B /* RecipesRouter.swift */; };
		84827023276424F800D69978 /* Typealiases.swift in Sources */ = {isa = PBXBuildFile; fileRef = 84827022276424F800D69978 /* Typealiases.swift */; };
		8483A9AD27637F2A002796E2 /* ImagePicker in Frameworks */ = {isa = PBXBuildFile; productRef = 8483A9AC27637F2A002796E2 /* ImagePicker */; };
		8497F6432762D347005D1825 /* UIScreen.swift in Sources */ = {isa = PBXBuildFile; fileRef = 8497F6422762D347005D1825 /* UIScreen.swift */; };
/* End PBXBuildFile section */

/* Begin PBXFileReference section */
		8315399F2384982000CAD2DD /* My Favourite Recipes.app */ = {isa = PBXFileReference; explicitFileType = wrapper.application; includeInIndex = 0; path = "My Favourite Recipes.app"; sourceTree = BUILT_PRODUCTS_DIR; };
		831539A22384982000CAD2DD /* AppDelegate.swift */ = {isa = PBXFileReference; lastKnownFileType = sourcecode.swift; path = AppDelegate.swift; sourceTree = "<group>"; };
		831539A42384982000CAD2DD /* SceneDelegate.swift */ = {isa = PBXFileReference; lastKnownFileType = sourcecode.swift; path = SceneDelegate.swift; sourceTree = "<group>"; };
		831539A62384982000CAD2DD /* RecipesView.swift */ = {isa = PBXFileReference; lastKnownFileType = sourcecode.swift; path = RecipesView.swift; sourceTree = "<group>"; };
		831539A82384982200CAD2DD /* Assets.xcassets */ = {isa = PBXFileReference; lastKnownFileType = folder.assetcatalog; path = Assets.xcassets; sourceTree = "<group>"; };
		831539AB2384982200CAD2DD /* Preview Assets.xcassets */ = {isa = PBXFileReference; lastKnownFileType = folder.assetcatalog; path = "Preview Assets.xcassets"; sourceTree = "<group>"; };
		831539AE2384982200CAD2DD /* Base */ = {isa = PBXFileReference; lastKnownFileType = file.storyboard; name = Base; path = Base.lproj/LaunchScreen.storyboard; sourceTree = "<group>"; };
		831539B02384982200CAD2DD /* Info.plist */ = {isa = PBXFileReference; lastKnownFileType = text.plist.xml; path = Info.plist; sourceTree = "<group>"; };
		834CF2C32385F425007BE6C5 /* RecipesViewModel.swift */ = {isa = PBXFileReference; lastKnownFileType = sourcecode.swift; path = RecipesViewModel.swift; sourceTree = "<group>"; };
		847C4AAC275E5FF800FD2B5B /* Recipe.swift */ = {isa = PBXFileReference; lastKnownFileType = sourcecode.swift; path = Recipe.swift; sourceTree = "<group>"; };
		847C4AB0275E61DA00FD2B5B /* RecipeRow.swift */ = {isa = PBXFileReference; lastKnownFileType = sourcecode.swift; path = RecipeRow.swift; sourceTree = "<group>"; };
		847C4AFD275ECFDB00FD2B5B /* RecipeDetailView.swift */ = {isa = PBXFileReference; lastKnownFileType = sourcecode.swift; path = RecipeDetailView.swift; sourceTree = "<group>"; };
		847C4AFF275ED08B00FD2B5B /* RecipeDetailViewModel.swift */ = {isa = PBXFileReference; lastKnownFileType = sourcecode.swift; path = RecipeDetailViewModel.swift; sourceTree = "<group>"; };
		847C4B01275EDA9900FD2B5B /* RecipeDataStorage.swift */ = {isa = PBXFileReference; lastKnownFileType = sourcecode.swift; path = RecipeDataStorage.swift; sourceTree = "<group>"; };
		847C4B052761894400FD2B5B /* AddRecipeView.swift */ = {isa = PBXFileReference; lastKnownFileType = sourcecode.swift; path = AddRecipeView.swift; sourceTree = "<group>"; };
		847C4B072761894E00FD2B5B /* AddRecipeViewModel.swift */ = {isa = PBXFileReference; lastKnownFileType = sourcecode.swift; path = AddRecipeViewModel.swift; sourceTree = "<group>"; };
		847C4B0B27618B3400FD2B5B /* AddButton.swift */ = {isa = PBXFileReference; lastKnownFileType = sourcecode.swift; path = AddButton.swift; sourceTree = "<group>"; };
		847C4B0E27618CEB00FD2B5B /* View.swift */ = {isa = PBXFileReference; lastKnownFileType = sourcecode.swift; path = View.swift; sourceTree = "<group>"; };
		847C4B122762536900FD2B5B /* Color.swift */ = {isa = PBXFileReference; lastKnownFileType = sourcecode.swift; path = Color.swift; sourceTree = "<group>"; };
		847C4B152762541100FD2B5B /* RoutableView.swift */ = {isa = PBXFileReference; lastKnownFileType = sourcecode.swift; path = RoutableView.swift; sourceTree = "<group>"; };
		847C4B172762542D00FD2B5B /* Routing.swift */ = {isa = PBXFileReference; lastKnownFileType = sourcecode.swift; path = Routing.swift; sourceTree = "<group>"; };
		847C4B1B2762549900FD2B5B /* RecipesRouter.swift */ = {isa = PBXFileReference; lastKnownFileType = sourcecode.swift; path = RecipesRouter.swift; sourceTree = "<group>"; };
		84827022276424F800D69978 /* Typealiases.swift */ = {isa = PBXFileReference; lastKnownFileType = sourcecode.swift; path = Typealiases.swift; sourceTree = "<group>"; };
		8483A9AA27637EDC002796E2 /* ImagePicker */ = {isa = PBXFileReference; lastKnownFileType = text; path = ImagePicker; sourceTree = SOURCE_ROOT; };
		8497F6422762D347005D1825 /* UIScreen.swift */ = {isa = PBXFileReference; lastKnownFileType = sourcecode.swift; path = UIScreen.swift; sourceTree = "<group>"; };
/* End PBXFileReference section */

/* Begin PBXFrameworksBuildPhase section */
		8315399C2384982000CAD2DD /* Frameworks */ = {
			isa = PBXFrameworksBuildPhase;
			buildActionMask = 2147483647;
			files = (
				8483A9AD27637F2A002796E2 /* ImagePicker in Frameworks */,
			);
			runOnlyForDeploymentPostprocessing = 0;
		};
/* End PBXFrameworksBuildPhase section */

/* Begin PBXGroup section */
		831539962384982000CAD2DD = {
			isa = PBXGroup;
			children = (
				831539A12384982000CAD2DD /* My Favourite Recipes */,
				831539A02384982000CAD2DD /* Products */,
				8483A9AB27637F2A002796E2 /* Frameworks */,
			);
			sourceTree = "<group>";
		};
		831539A02384982000CAD2DD /* Products */ = {
			isa = PBXGroup;
			children = (
				8315399F2384982000CAD2DD /* My Favourite Recipes.app */,
			);
			name = Products;
			sourceTree = "<group>";
		};
		831539A12384982000CAD2DD /* My Favourite Recipes */ = {
			isa = PBXGroup;
			children = (
				847C4AA8275E5ACE00FD2B5B /* Application */,
				847C4B142762540500FD2B5B /* Base */,
				847C4B0D27618CDB00FD2B5B /* Extensions */,
				847C4AAA275E5AF100FD2B5B /* Flows */,
				831539AA2384982200CAD2DD /* Preview Content */,
				847C4AA9275E5AD900FD2B5B /* Resources */,
				847C4B0927618B1700FD2B5B /* Reusable */,
				831539B02384982200CAD2DD /* Info.plist */,
				8483A9AA27637EDC002796E2 /* ImagePicker */,
			);
			path = "My Favourite Recipes";
			sourceTree = "<group>";
		};
		831539AA2384982200CAD2DD /* Preview Content */ = {
			isa = PBXGroup;
			children = (
				831539AB2384982200CAD2DD /* Preview Assets.xcassets */,
			);
			path = "Preview Content";
			sourceTree = "<group>";
		};
		847C4AA5275E5AAF00FD2B5B /* Model */ = {
			isa = PBXGroup;
			children = (
				847C4AAC275E5FF800FD2B5B /* Recipe.swift */,
				847C4B01275EDA9900FD2B5B /* RecipeDataStorage.swift */,
			);
			path = Model;
			sourceTree = "<group>";
		};
		847C4AA6275E5AB700FD2B5B /* ViewModel */ = {
			isa = PBXGroup;
			children = (
				847C4B072761894E00FD2B5B /* AddRecipeViewModel.swift */,
				834CF2C32385F425007BE6C5 /* RecipesViewModel.swift */,
				847C4AFF275ED08B00FD2B5B /* RecipeDetailViewModel.swift */,
			);
			path = ViewModel;
			sourceTree = "<group>";
		};
		847C4AA7275E5ABD00FD2B5B /* VIew */ = {
			isa = PBXGroup;
			children = (
				847C4B052761894400FD2B5B /* AddRecipeView.swift */,
				831539A62384982000CAD2DD /* RecipesView.swift */,
				847C4AFD275ECFDB00FD2B5B /* RecipeDetailView.swift */,
			);
			path = VIew;
			sourceTree = "<group>";
		};
		847C4AA8275E5ACE00FD2B5B /* Application */ = {
			isa = PBXGroup;
			children = (
				831539A22384982000CAD2DD /* AppDelegate.swift */,
				831539A42384982000CAD2DD /* SceneDelegate.swift */,
			);
			path = Application;
			sourceTree = "<group>";
		};
		847C4AA9275E5AD900FD2B5B /* Resources */ = {
			isa = PBXGroup;
			children = (
				831539A82384982200CAD2DD /* Assets.xcassets */,
				831539AD2384982200CAD2DD /* LaunchScreen.storyboard */,
			);
			path = Resources;
			sourceTree = "<group>";
		};
		847C4AAA275E5AF100FD2B5B /* Flows */ = {
			isa = PBXGroup;
			children = (
				847C4AAB275E5AF500FD2B5B /* Main */,
			);
			path = Flows;
			sourceTree = "<group>";
		};
		847C4AAB275E5AF500FD2B5B /* Main */ = {
			isa = PBXGroup;
			children = (
				847C4AAE275E61C400FD2B5B /* Components */,
				847C4AA5275E5AAF00FD2B5B /* Model */,
				847C4B192762548100FD2B5B /* Routing */,
				847C4AA7275E5ABD00FD2B5B /* VIew */,
				847C4AA6275E5AB700FD2B5B /* ViewModel */,
			);
			path = Main;
			sourceTree = "<group>";
		};
		847C4AAE275E61C400FD2B5B /* Components */ = {
			isa = PBXGroup;
			children = (
				847C4AAF275E61CF00FD2B5B /* Rows */,
			);
			path = Components;
			sourceTree = "<group>";
		};
		847C4AAF275E61CF00FD2B5B /* Rows */ = {
			isa = PBXGroup;
			children = (
				847C4AB0275E61DA00FD2B5B /* RecipeRow.swift */,
			);
			path = Rows;
			sourceTree = "<group>";
		};
		847C4B0927618B1700FD2B5B /* Reusable */ = {
			isa = PBXGroup;
			children = (
				8497F63E2762D2E7005D1825 /* Utilities */,
				847C4B0A27618B2600FD2B5B /* ViewModifiers */,
				84827022276424F800D69978 /* Typealiases.swift */,
			);
			path = Reusable;
			sourceTree = "<group>";
		};
		847C4B0A27618B2600FD2B5B /* ViewModifiers */ = {
			isa = PBXGroup;
			children = (
				847C4B0B27618B3400FD2B5B /* AddButton.swift */,
			);
			path = ViewModifiers;
			sourceTree = "<group>";
		};
		847C4B0D27618CDB00FD2B5B /* Extensions */ = {
			isa = PBXGroup;
			children = (
				847C4B1027618CFB00FD2B5B /* SwiftUI */,
				8497F6412762D32F005D1825 /* UiKit */,
			);
			path = Extensions;
			sourceTree = "<group>";
		};
		847C4B1027618CFB00FD2B5B /* SwiftUI */ = {
			isa = PBXGroup;
			children = (
				847C4B0E27618CEB00FD2B5B /* View.swift */,
				847C4B122762536900FD2B5B /* Color.swift */,
			);
			path = SwiftUI;
			sourceTree = "<group>";
		};
		847C4B142762540500FD2B5B /* Base */ = {
			isa = PBXGroup;
			children = (
				847C4B152762541100FD2B5B /* RoutableView.swift */,
				847C4B172762542D00FD2B5B /* Routing.swift */,
			);
			path = Base;
			sourceTree = "<group>";
		};
		847C4B192762548100FD2B5B /* Routing */ = {
			isa = PBXGroup;
			children = (
				847C4B1B2762549900FD2B5B /* RecipesRouter.swift */,
			);
			path = Routing;
			sourceTree = "<group>";
		};
		8483A9AB27637F2A002796E2 /* Frameworks */ = {
			isa = PBXGroup;
			children = (
			);
			name = Frameworks;
			sourceTree = "<group>";
		};
		8497F63E2762D2E7005D1825 /* Utilities */ = {
			isa = PBXGroup;
			children = (
			);
			path = Utilities;
			sourceTree = "<group>";
		};
		8497F6412762D32F005D1825 /* UiKit */ = {
			isa = PBXGroup;
			children = (
				8497F6422762D347005D1825 /* UIScreen.swift */,
			);
			path = UiKit;
			sourceTree = "<group>";
		};
/* End PBXGroup section */

/* Begin PBXNativeTarget section */
		8315399E2384982000CAD2DD /* My Favourite Recipes */ = {
			isa = PBXNativeTarget;
			buildConfigurationList = 831539B32384982200CAD2DD /* Build configuration list for PBXNativeTarget "My Favourite Recipes" */;
			buildPhases = (
				8315399B2384982000CAD2DD /* Sources */,
				8315399C2384982000CAD2DD /* Frameworks */,
				8315399D2384982000CAD2DD /* Resources */,
			);
			buildRules = (
			);
			dependencies = (
			);
			name = "My Favourite Recipes";
			packageProductDependencies = (
				8483A9AC27637F2A002796E2 /* ImagePicker */,
			);
			productName = "My Favourite Recipes";
			productReference = 8315399F2384982000CAD2DD /* My Favourite Recipes.app */;
			productType = "com.apple.product-type.application";
		};
/* End PBXNativeTarget section */

/* Begin PBXProject section */
		831539972384982000CAD2DD /* Project object */ = {
			isa = PBXProject;
			attributes = {
				LastSwiftUpdateCheck = 1110;
				LastUpgradeCheck = 1310;
				ORGANIZATIONNAME = Packt;
				TargetAttributes = {
					8315399E2384982000CAD2DD = {
						CreatedOnToolsVersion = 11.1;
					};
				};
			};
			buildConfigurationList = 8315399A2384982000CAD2DD /* Build configuration list for PBXProject "My Favourite Recipes" */;
			compatibilityVersion = "Xcode 9.3";
			developmentRegion = en;
			hasScannedForEncodings = 0;
			knownRegions = (
				en,
				Base,
			);
			mainGroup = 831539962384982000CAD2DD;
			productRefGroup = 831539A02384982000CAD2DD /* Products */;
			projectDirPath = "";
			projectRoot = "";
			targets = (
				8315399E2384982000CAD2DD /* My Favourite Recipes */,
			);
		};
/* End PBXProject section */

/* Begin PBXResourcesBuildPhase section */
		8315399D2384982000CAD2DD /* Resources */ = {
			isa = PBXResourcesBuildPhase;
			buildActionMask = 2147483647;
			files = (
				831539AF2384982200CAD2DD /* LaunchScreen.storyboard in Resources */,
				831539AC2384982200CAD2DD /* Preview Assets.xcassets in Resources */,
				831539A92384982200CAD2DD /* Assets.xcassets in Resources */,
			);
			runOnlyForDeploymentPostprocessing = 0;
		};
/* End PBXResourcesBuildPhase section */

/* Begin PBXSourcesBuildPhase section */
		8315399B2384982000CAD2DD /* Sources */ = {
			isa = PBXSourcesBuildPhase;
			buildActionMask = 2147483647;
			files = (
				847C4B182762542D00FD2B5B /* Routing.swift in Sources */,
				847C4B0F27618CEB00FD2B5B /* View.swift in Sources */,
				847C4AFE275ECFDB00FD2B5B /* RecipeDetailView.swift in Sources */,
				8497F6432762D347005D1825 /* UIScreen.swift in Sources */,
				847C4B162762541100FD2B5B /* RoutableView.swift in Sources */,
				831539A32384982000CAD2DD /* AppDelegate.swift in Sources */,
				834CF2C42385F425007BE6C5 /* RecipesViewModel.swift in Sources */,
				847C4B0C27618B3400FD2B5B /* AddButton.swift in Sources */,
				847C4B1C2762549900FD2B5B /* RecipesRouter.swift in Sources */,
				847C4B082761894E00FD2B5B /* AddRecipeViewModel.swift in Sources */,
				847C4AB1275E61DA00FD2B5B /* RecipeRow.swift in Sources */,
				847C4B062761894400FD2B5B /* AddRecipeView.swift in Sources */,
				831539A52384982000CAD2DD /* SceneDelegate.swift in Sources */,
				847C4B132762536900FD2B5B /* Color.swift in Sources */,
				847C4B00275ED08B00FD2B5B /* RecipeDetailViewModel.swift in Sources */,
				847C4B02275EDA9900FD2B5B /* RecipeDataStorage.swift in Sources */,
				831539A72384982000CAD2DD /* RecipesView.swift in Sources */,
				84827023276424F800D69978 /* Typealiases.swift in Sources */,
				847C4AAD275E5FF800FD2B5B /* Recipe.swift in Sources */,
			);
			runOnlyForDeploymentPostprocessing = 0;
		};
/* End PBXSourcesBuildPhase section */

/* Begin PBXVariantGroup section */
		831539AD2384982200CAD2DD /* LaunchScreen.storyboard */ = {
			isa = PBXVariantGroup;
			children = (
				831539AE2384982200CAD2DD /* Base */,
			);
			name = LaunchScreen.storyboard;
			sourceTree = "<group>";
		};
/* End PBXVariantGroup section */

/* Begin XCBuildConfiguration section */
		831539B12384982200CAD2DD /* Debug */ = {
			isa = XCBuildConfiguration;
			buildSettings = {
				ALWAYS_SEARCH_USER_PATHS = NO;
				CLANG_ANALYZER_NONNULL = YES;
				CLANG_ANALYZER_NUMBER_OBJECT_CONVERSION = YES_AGGRESSIVE;
				CLANG_CXX_LANGUAGE_STANDARD = "gnu++14";
				CLANG_CXX_LIBRARY = "libc++";
				CLANG_ENABLE_MODULES = YES;
				CLANG_ENABLE_OBJC_ARC = YES;
				CLANG_ENABLE_OBJC_WEAK = YES;
				CLANG_WARN_BLOCK_CAPTURE_AUTORELEASING = YES;
				CLANG_WARN_BOOL_CONVERSION = YES;
				CLANG_WARN_COMMA = YES;
				CLANG_WARN_CONSTANT_CONVERSION = YES;
				CLANG_WARN_DEPRECATED_OBJC_IMPLEMENTATIONS = YES;
				CLANG_WARN_DIRECT_OBJC_ISA_USAGE = YES_ERROR;
				CLANG_WARN_DOCUMENTATION_COMMENTS = YES;
				CLANG_WARN_EMPTY_BODY = YES;
				CLANG_WARN_ENUM_CONVERSION = YES;
				CLANG_WARN_INFINITE_RECURSION = YES;
				CLANG_WARN_INT_CONVERSION = YES;
				CLANG_WARN_NON_LITERAL_NULL_CONVERSION = YES;
				CLANG_WARN_OBJC_IMPLICIT_RETAIN_SELF = YES;
				CLANG_WARN_OBJC_LITERAL_CONVERSION = YES;
				CLANG_WARN_OBJC_ROOT_CLASS = YES_ERROR;
				CLANG_WARN_QUOTED_INCLUDE_IN_FRAMEWORK_HEADER = YES;
				CLANG_WARN_RANGE_LOOP_ANALYSIS = YES;
				CLANG_WARN_STRICT_PROTOTYPES = YES;
				CLANG_WARN_SUSPICIOUS_MOVE = YES;
				CLANG_WARN_UNGUARDED_AVAILABILITY = YES_AGGRESSIVE;
				CLANG_WARN_UNREACHABLE_CODE = YES;
				CLANG_WARN__DUPLICATE_METHOD_MATCH = YES;
				COPY_PHASE_STRIP = NO;
				DEBUG_INFORMATION_FORMAT = dwarf;
				ENABLE_STRICT_OBJC_MSGSEND = YES;
				ENABLE_TESTABILITY = YES;
				GCC_C_LANGUAGE_STANDARD = gnu11;
				GCC_DYNAMIC_NO_PIC = NO;
				GCC_NO_COMMON_BLOCKS = YES;
				GCC_OPTIMIZATION_LEVEL = 0;
				GCC_PREPROCESSOR_DEFINITIONS = (
					"DEBUG=1",
					"$(inherited)",
				);
				GCC_WARN_64_TO_32_BIT_CONVERSION = YES;
				GCC_WARN_ABOUT_RETURN_TYPE = YES_ERROR;
				GCC_WARN_UNDECLARED_SELECTOR = YES;
				GCC_WARN_UNINITIALIZED_AUTOS = YES_AGGRESSIVE;
				GCC_WARN_UNUSED_FUNCTION = YES;
				GCC_WARN_UNUSED_VARIABLE = YES;
				IPHONEOS_DEPLOYMENT_TARGET = 13.0;
				MTL_ENABLE_DEBUG_INFO = INCLUDE_SOURCE;
				MTL_FAST_MATH = YES;
				ONLY_ACTIVE_ARCH = YES;
				SDKROOT = iphoneos;
				SWIFT_ACTIVE_COMPILATION_CONDITIONS = DEBUG;
				SWIFT_OPTIMIZATION_LEVEL = "-Onone";
			};
			name = Debug;
		};
		831539B22384982200CAD2DD /* Release */ = {
			isa = XCBuildConfiguration;
			buildSettings = {
				ALWAYS_SEARCH_USER_PATHS = NO;
				CLANG_ANALYZER_NONNULL = YES;
				CLANG_ANALYZER_NUMBER_OBJECT_CONVERSION = YES_AGGRESSIVE;
				CLANG_CXX_LANGUAGE_STANDARD = "gnu++14";
				CLANG_CXX_LIBRARY = "libc++";
				CLANG_ENABLE_MODULES = YES;
				CLANG_ENABLE_OBJC_ARC = YES;
				CLANG_ENABLE_OBJC_WEAK = YES;
				CLANG_WARN_BLOCK_CAPTURE_AUTORELEASING = YES;
				CLANG_WARN_BOOL_CONVERSION = YES;
				CLANG_WARN_COMMA = YES;
				CLANG_WARN_CONSTANT_CONVERSION = YES;
				CLANG_WARN_DEPRECATED_OBJC_IMPLEMENTATIONS = YES;
				CLANG_WARN_DIRECT_OBJC_ISA_USAGE = YES_ERROR;
				CLANG_WARN_DOCUMENTATION_COMMENTS = YES;
				CLANG_WARN_EMPTY_BODY = YES;
				CLANG_WARN_ENUM_CONVERSION = YES;
				CLANG_WARN_INFINITE_RECURSION = YES;
				CLANG_WARN_INT_CONVERSION = YES;
				CLANG_WARN_NON_LITERAL_NULL_CONVERSION = YES;
				CLANG_WARN_OBJC_IMPLICIT_RETAIN_SELF = YES;
				CLANG_WARN_OBJC_LITERAL_CONVERSION = YES;
				CLANG_WARN_OBJC_ROOT_CLASS = YES_ERROR;
				CLANG_WARN_QUOTED_INCLUDE_IN_FRAMEWORK_HEADER = YES;
				CLANG_WARN_RANGE_LOOP_ANALYSIS = YES;
				CLANG_WARN_STRICT_PROTOTYPES = YES;
				CLANG_WARN_SUSPICIOUS_MOVE = YES;
				CLANG_WARN_UNGUARDED_AVAILABILITY = YES_AGGRESSIVE;
				CLANG_WARN_UNREACHABLE_CODE = YES;
				CLANG_WARN__DUPLICATE_METHOD_MATCH = YES;
				COPY_PHASE_STRIP = NO;
				DEBUG_INFORMATION_FORMAT = "dwarf-with-dsym";
				ENABLE_NS_ASSERTIONS = NO;
				ENABLE_STRICT_OBJC_MSGSEND = YES;
				GCC_C_LANGUAGE_STANDARD = gnu11;
				GCC_NO_COMMON_BLOCKS = YES;
				GCC_WARN_64_TO_32_BIT_CONVERSION = YES;
				GCC_WARN_ABOUT_RETURN_TYPE = YES_ERROR;
				GCC_WARN_UNDECLARED_SELECTOR = YES;
				GCC_WARN_UNINITIALIZED_AUTOS = YES_AGGRESSIVE;
				GCC_WARN_UNUSED_FUNCTION = YES;
				GCC_WARN_UNUSED_VARIABLE = YES;
				IPHONEOS_DEPLOYMENT_TARGET = 13.0;
				MTL_ENABLE_DEBUG_INFO = NO;
				MTL_FAST_MATH = YES;
				SDKROOT = iphoneos;
				SWIFT_COMPILATION_MODE = wholemodule;
				SWIFT_OPTIMIZATION_LEVEL = "-O";
				VALIDATE_PRODUCT = YES;
			};
			name = Release;
		};
		831539B42384982200CAD2DD /* Debug */ = {
			isa = XCBuildConfiguration;
			buildSettings = {
				ASSETCATALOG_COMPILER_APPICON_NAME = AppIcon;
				CODE_SIGN_STYLE = Automatic;
				DEVELOPMENT_ASSET_PATHS = "\"My Favourite Recipes/Preview Content\"";
				DEVELOPMENT_TEAM = G68HFXQ7G5;
				ENABLE_PREVIEWS = YES;
				INFOPLIST_FILE = "My Favourite Recipes/Info.plist";
				LD_RUNPATH_SEARCH_PATHS = (
					"$(inherited)",
					"@executable_path/Frameworks",
				);
				PRODUCT_BUNDLE_IDENTIFIER = "internal.My-Favourite-Recipes";
				PRODUCT_NAME = "$(TARGET_NAME)";
				SWIFT_VERSION = 5.0;
				TARGETED_DEVICE_FAMILY = "1,2";
			};
			name = Debug;
		};
		831539B52384982200CAD2DD /* Release */ = {
			isa = XCBuildConfiguration;
			buildSettings = {
				ASSETCATALOG_COMPILER_APPICON_NAME = AppIcon;
				CODE_SIGN_STYLE = Automatic;
				DEVELOPMENT_ASSET_PATHS = "\"My Favourite Recipes/Preview Content\"";
				DEVELOPMENT_TEAM = G68HFXQ7G5;
				ENABLE_PREVIEWS = YES;
				INFOPLIST_FILE = "My Favourite Recipes/Info.plist";
				LD_RUNPATH_SEARCH_PATHS = (
					"$(inherited)",
					"@executable_path/Frameworks",
				);
				PRODUCT_BUNDLE_IDENTIFIER = "internal.My-Favourite-Recipes";
				PRODUCT_NAME = "$(TARGET_NAME)";
				SWIFT_VERSION = 5.0;
				TARGETED_DEVICE_FAMILY = "1,2";
			};
			name = Release;
		};
/* End XCBuildConfiguration section */

/* Begin XCConfigurationList section */
		8315399A2384982000CAD2DD /* Build configuration list for PBXProject "My Favourite Recipes" */ = {
			isa = XCConfigurationList;
			buildConfigurations = (
				831539B12384982200CAD2DD /* Debug */,
				831539B22384982200CAD2DD /* Release */,
			);
			defaultConfigurationIsVisible = 0;
			defaultConfigurationName = Release;
		};
		831539B32384982200CAD2DD /* Build configuration list for PBXNativeTarget "My Favourite Recipes" */ = {
			isa = XCConfigurationList;
			buildConfigurations = (
				831539B42384982200CAD2DD /* Debug */,
				831539B52384982200CAD2DD /* Release */,
			);
			defaultConfigurationIsVisible = 0;
			defaultConfigurationName = Release;
		};
/* End XCConfigurationList section */

/* Begin XCSwiftPackageProductDependency section */
		8483A9AC27637F2A002796E2 /* ImagePicker */ = {
			isa = XCSwiftPackageProductDependency;
			productName = ImagePicker;
		};
/* End XCSwiftPackageProductDependency section */
	};
	rootObject = 831539972384982000CAD2DD /* Project object */;
}
